// !$*UTF8*$!
{
	archiveVersion = 1;
	classes = {
	};
	objectVersion = 46;
	objects = {

/* Begin PBXBuildFile section */
		840FDE281EF13B2500C344CD /* AppDelegate.swift in Sources */ = {isa = PBXBuildFile; fileRef = 840FDE271EF13B2500C344CD /* AppDelegate.swift */; };
		840FDE2A1EF13B2500C344CD /* ViewController.swift in Sources */ = {isa = PBXBuildFile; fileRef = 840FDE291EF13B2500C344CD /* ViewController.swift */; };
		840FDE2D1EF13B2500C344CD /* Main.storyboard in Resources */ = {isa = PBXBuildFile; fileRef = 840FDE2B1EF13B2500C344CD /* Main.storyboard */; };
		840FDE2F1EF13B2500C344CD /* Assets.xcassets in Resources */ = {isa = PBXBuildFile; fileRef = 840FDE2E1EF13B2500C344CD /* Assets.xcassets */; };
		840FDE321EF13B2500C344CD /* LaunchScreen.storyboard in Resources */ = {isa = PBXBuildFile; fileRef = 840FDE301EF13B2500C344CD /* LaunchScreen.storyboard */; };
		840FDE3A1EF13BDB00C344CD /* lion.jpg in Resources */ = {isa = PBXBuildFile; fileRef = 840FDE391EF13BDB00C344CD /* lion.jpg */; };
/* End PBXBuildFile section */

/* Begin PBXFileReference section */
		840FDE241EF13B2500C344CD /* pickerviewprac.app */ = {isa = PBXFileReference; explicitFileType = wrapper.application; includeInIndex = 0; path = pickerviewprac.app; sourceTree = BUILT_PRODUCTS_DIR; };
		840FDE271EF13B2500C344CD /* AppDelegate.swift */ = {isa = PBXFileReference; lastKnownFileType = sourcecode.swift; path = AppDelegate.swift; sourceTree = "<group>"; };
		840FDE291EF13B2500C344CD /* ViewController.swift */ = {isa = PBXFileReference; lastKnownFileType = sourcecode.swift; path = ViewController.swift; sourceTree = "<group>"; };
		840FDE2C1EF13B2500C344CD /* Base */ = {isa = PBXFileReference; lastKnownFileType = file.storyboard; name = Base; path = Base.lproj/Main.storyboard; sourceTree = "<group>"; };
		840FDE2E1EF13B2500C344CD /* Assets.xcassets */ = {isa = PBXFileReference; lastKnownFileType = folder.assetcatalog; path = Assets.xcassets; sourceTree = "<group>"; };
		840FDE311EF13B2500C344CD /* Base */ = {isa = PBXFileReference; lastKnownFileType = file.storyboard; name = Base; path = Base.lproj/LaunchScreen.storyboard; sourceTree = "<group>"; };
		840FDE331EF13B2500C344CD /* Info.plist */ = {isa = PBXFileReference; lastKnownFileType = text.plist.xml; path = Info.plist; sourceTree = "<group>"; };
		840FDE391EF13BDB00C344CD /* lion.jpg */ = {isa = PBXFileReference; lastKnownFileType = image.jpeg; path = lion.jpg; sourceTree = "<group>"; };
/* End PBXFileReference section */

/* Begin PBXFrameworksBuildPhase section */
		840FDE211EF13B2500C344CD /* Frameworks */ = {
			isa = PBXFrameworksBuildPhase;
			buildActionMask = 2147483647;
			files = (
			);
			runOnlyForDeploymentPostprocessing = 0;
		};
/* End PBXFrameworksBuildPhase section */

/* Begin PBXGroup section */
		840FDE1B1EF13B2500C344CD = {
			isa = PBXGroup;
			children = (
				840FDE261EF13B2500C344CD /* pickerviewprac */,
				840FDE251EF13B2500C344CD /* Products */,
			);
			sourceTree = "<group>";
		};
		840FDE251EF13B2500C344CD /* Products */ = {
			isa = PBXGroup;
			children = (
				840FDE241EF13B2500C344CD /* pickerviewprac.app */,
			);
			name = Products;
			sourceTree = "<group>";
		};
		840FDE261EF13B2500C344CD /* pickerviewprac */ = {
			isa = PBXGroup;
			children = (
				840FDE271EF13B2500C344CD /* AppDelegate.swift */,
				840FDE291EF13B2500C344CD /* ViewController.swift */,
				840FDE2B1EF13B2500C344CD /* Main.storyboard */,
				840FDE2E1EF13B2500C344CD /* Assets.xcassets */,
				840FDE391EF13BDB00C344CD /* lion.jpg */,
				840FDE301EF13B2500C344CD /* LaunchScreen.storyboard */,
				840FDE331EF13B2500C344CD /* Info.plist */,
			);
			path = pickerviewprac;
			sourceTree = "<group>";
		};
/* End PBXGroup section */

/* Begin PBXNativeTarget section */
		840FDE231EF13B2500C344CD /* pickerviewprac */ = {
			isa = PBXNativeTarget;
			buildConfigurationList = 840FDE361EF13B2500C344CD /* Build configuration list for PBXNativeTarget "pickerviewprac" */;
			buildPhases = (
				840FDE201EF13B2500C344CD /* Sources */,
				840FDE211EF13B2500C344CD /* Frameworks */,
				840FDE221EF13B2500C344CD /* Resources */,
			);
			buildRules = (
			);
			dependencies = (
			);
			name = pickerviewprac;
			productName = pickerviewprac;
			productReference = 840FDE241EF13B2500C344CD /* pickerviewprac.app */;
			productType = "com.apple.product-type.application";
		};
/* End PBXNativeTarget section */

/* Begin PBXProject section */
		840FDE1C1EF13B2500C344CD /* Project object */ = {
			isa = PBXProject;
			attributes = {
				LastSwiftUpdateCheck = 0830;
				LastUpgradeCheck = 0830;
				ORGANIZATIONNAME = Admin;
				TargetAttributes = {
					840FDE231EF13B2500C344CD = {
						CreatedOnToolsVersion = 8.3.3;
						ProvisioningStyle = Automatic;
					};
				};
			};
			buildConfigurationList = 840FDE1F1EF13B2500C344CD /* Build configuration list for PBXProject "pickerviewprac" */;
			compatibilityVersion = "Xcode 3.2";
			developmentRegion = English;
			hasScannedForEncodings = 0;
			knownRegions = (
				en,
				Base,
			);
			mainGroup = 840FDE1B1EF13B2500C344CD;
			productRefGroup = 840FDE251EF13B2500C344CD /* Products */;
			projectDirPath = "";
			projectRoot = "";
			targets = (
				840FDE231EF13B2500C344CD /* pickerviewprac */,
			);
		};
/* End PBXProject section */

/* Begin PBXResourcesBuildPhase section */
		840FDE221EF13B2500C344CD /* Resources */ = {
			isa = PBXResourcesBuildPhase;
			buildActionMask = 2147483647;
			files = (
				840FDE321EF13B2500C344CD /* LaunchScreen.storyboard in Resources */,
				840FDE3A1EF13BDB00C344CD /* lion.jpg in Resources */,
				840FDE2F1EF13B2500C344CD /* Assets.xcassets in Resources */,
				840FDE2D1EF13B2500C344CD /* Main.storyboard in Resources */,
			);
			runOnlyForDeploymentPostprocessing = 0;
		};
/* End PBXResourcesBuildPhase section */

/* Begin PBXSourcesBuildPhase section */
		840FDE201EF13B2500C344CD /* Sources */ = {
			isa = PBXSourcesBuildPhase;
			buildActionMask = 2147483647;
			files = (
				840FDE2A1EF13B2500C344CD /* ViewController.swift in Sources */,
				840FDE281EF13B2500C344CD /* AppDelegate.swift in Sources */,
			);
			runOnlyForDeploymentPostprocessing = 0;
		};
/* End PBXSourcesBuildPhase section */

/* Begin PBXVariantGroup section */
		840FDE2B1EF13B2500C344CD /* Main.storyboard */ = {
			isa = PBXVariantGroup;
			children = (
				840FDE2C1EF13B2500C344CD /* Base */,
			);
			name = Main.storyboard;
			sourceTree = "<group>";
		};
		840FDE301EF13B2500C344CD /* LaunchScreen.storyboard */ = {
			isa = PBXVariantGroup;
			children = (
				840FDE311EF13B2500C344CD /* Base */,
			);
			name = LaunchScreen.storyboard;
			sourceTree = "<group>";
		};
/* End PBXVariantGroup section */

/* Begin XCBuildConfiguration section */
		840FDE341EF13B2500C344CD /* Debug */ = {
			isa = XCBuildConfiguration;
			buildSettings = {
				ALWAYS_SEARCH_USER_PATHS = NO;
				CLANG_ANALYZER_NONNULL = YES;
				CLANG_ANALYZER_NUMBER_OBJECT_CONVERSION = YES_AGGRESSIVE;
				CLANG_CXX_LANGUAGE_STANDARD = "gnu++0x";
				CLANG_CXX_LIBRARY = "libc++";
				CLANG_ENABLE_MODULES = YES;
				CLANG_ENABLE_OBJC_ARC = YES;
				CLANG_WARN_BOOL_CONVERSION = YES;
				CLANG_WARN_CONSTANT_CONVERSION = YES;
				CLANG_WARN_DIRECT_OBJC_ISA_USAGE = YES_ERROR;
				CLANG_WARN_DOCUMENTATION_COMMENTS = YES;
				CLANG_WARN_EMPTY_BODY = YES;
				CLANG_WARN_ENUM_CONVERSION = YES;
				CLANG_WARN_INFINITE_RECURSION = YES;
				CLANG_WARN_INT_CONVERSION = YES;
				CLANG_WARN_OBJC_ROOT_CLASS = YES_ERROR;
				CLANG_WARN_SUSPICIOUS_MOVE = YES;
				CLANG_WARN_UNREACHABLE_CODE = YES;
				CLANG_WARN__DUPLICATE_METHOD_MATCH = YES;
				"CODE_SIGN_IDENTITY[sdk=iphoneos*]" = "iPhone Developer";
				COPY_PHASE_STRIP = NO;
				DEBUG_INFORMATION_FORMAT = dwarf;
				ENABLE_STRICT_OBJC_MSGSEND = YES;
				ENABLE_TESTABILITY = YES;
				GCC_C_LANGUAGE_STANDARD = gnu99;
				GCC_DYNAMIC_NO_PIC = NO;
				GCC_NO_COMMON_BLOCKS = YES;
				GCC_OPTIMIZATION_LEVEL = 0;
				GCC_PREPROCESSOR_DEFINITIONS = (
					"DEBUG=1",
					"$(inherited)",
				);
				GCC_WARN_64_TO_32_BIT_CONVERSION = YES;
				GCC_WARN_ABOUT_RETURN_TYPE = YES_ERROR;
				GCC_WARN_UNDECLARED_SELECTOR = YES;
				GCC_WARN_UNINITIALIZED_AUTOS = YES_AGGRESSIVE;
				GCC_WARN_UNUSED_FUNCTION = YES;
				GCC_WARN_UNUSED_VARIABLE = YES;
				IPHONEOS_DEPLOYMENT_TARGET = 10.3;
				MTL_ENABLE_DEBUG_INFO = YES;
				ONLY_ACTIVE_ARCH = YES;
				SDKROOT = iphoneos;
				SWIFT_ACTIVE_COMPILATION_CONDITIONS = DEBUG;
				SWIFT_OPTIMIZATION_LEVEL = "-Onone";
			};
			name = Debug;
		};
		840FDE351EF13B2500C344CD /* Release */ = {
			isa = XCBuildConfiguration;
			buildSettings = {
				ALWAYS_SEARCH_USER_PATHS = NO;
				CLANG_ANALYZER_NONNULL = YES;
				CLANG_ANALYZER_NUMBER_OBJECT_CONVERSION = YES_AGGRESSIVE;
				CLANG_CXX_LANGUAGE_STANDARD = "gnu++0x";
				CLANG_CXX_LIBRARY = "libc++";
				CLANG_ENABLE_MODULES = YES;
				CLANG_ENABLE_OBJC_ARC = YES;
				CLANG_WARN_BOOL_CONVERSION = YES;
				CLANG_WARN_CONSTANT_CONVERSION = YES;
				CLANG_WARN_DIRECT_OBJC_ISA_USAGE = YES_ERROR;
				CLANG_WARN_DOCUMENTATION_COMMENTS = YES;
				CLANG_WARN_EMPTY_BODY = YES;
				CLANG_WARN_ENUM_CONVERSION = YES;
				CLANG_WARN_INFINITE_RECURSION = YES;
				CLANG_WARN_INT_CONVERSION = YES;
				CLANG_WARN_OBJC_ROOT_CLASS = YES_ERROR;
				CLANG_WARN_SUSPICIOUS_MOVE = YES;
				CLANG_WARN_UNREACHABLE_CODE = YES;
				CLANG_WARN__DUPLICATE_METHOD_MATCH = YES;
				"CODE_SIGN_IDENTITY[sdk=iphoneos*]" = "iPhone Developer";
				COPY_PHASE_STRIP = NO;
				DEBUG_INFORMATION_FORMAT = "dwarf-with-dsym";
				ENABLE_NS_ASSERTIONS = NO;
				ENABLE_STRICT_OBJC_MSGSEND = YES;
				GCC_C_LANGUAGE_STANDARD = gnu99;
				GCC_NO_COMMON_BLOCKS = YES;
				GCC_WARN_64_TO_32_BIT_CONVERSION = YES;
				GCC_WARN_ABOUT_RETURN_TYPE = YES_ERROR;
				GCC_WARN_UNDECLARED_SELECTOR = YES;
				GCC_WARN_UNINITIALIZED_AUTOS = YES_AGGRESSIVE;
				GCC_WARN_UNUSED_FUNCTION = YES;
				GCC_WARN_UNUSED_VARIABLE = YES;
				IPHONEOS_DEPLOYMENT_TARGET = 10.3;
				MTL_ENABLE_DEBUG_INFO = NO;
				SDKROOT = iphoneos;
				SWIFT_OPTIMIZATION_LEVEL = "-Owholemodule";
				VALIDATE_PRODUCT = YES;
			};
			name = Release;
		};
		840FDE371EF13B2500C344CD /* Debug */ = {
			isa = XCBuildConfiguration;
			buildSettings = {
				ASSETCATALOG_COMPILER_APPICON_NAME = AppIcon;
				INFOPLIST_FILE = pickerviewprac/Info.plist;
				LD_RUNPATH_SEARCH_PATHS = "$(inherited) @executable_path/Frameworks";
				PRODUCT_BUNDLE_IDENTIFIER = com.ios.pickerviewprac;
				PRODUCT_NAME = "$(TARGET_NAME)";
				SWIFT_VERSION = 3.0;
			};
			name = Debug;
		};
		840FDE381EF13B2500C344CD /* Release */ = {
			isa = XCBuildConfiguration;
			buildSettings = {
				ASSETCATALOG_COMPILER_APPICON_NAME = AppIcon;
				INFOPLIST_FILE = pickerviewprac/Info.plist;
				LD_RUNPATH_SEARCH_PATHS = "$(inherited) @executable_path/Frameworks";
				PRODUCT_BUNDLE_IDENTIFIER = com.ios.pickerviewprac;
				PRODUCT_NAME = "$(TARGET_NAME)";
				SWIFT_VERSION = 3.0;
			};
			name = Release;
		};
/* End XCBuildConfiguration section */

/* Begin XCConfigurationList section */
		840FDE1F1EF13B2500C344CD /* Build configuration list for PBXProject "pickerviewprac" */ = {
			isa = XCConfigurationList;
			buildConfigurations = (
				840FDE341EF13B2500C344CD /* Debug */,
				840FDE351EF13B2500C344CD /* Release */,
			);
			defaultConfigurationIsVisible = 0;
			defaultConfigurationName = Release;
		};
		840FDE361EF13B2500C344CD /* Build configuration list for PBXNativeTarget "pickerviewprac" */ = {
			isa = XCConfigurationList;
			buildConfigurations = (
				840FDE371EF13B2500C344CD /* Debug */,
				840FDE381EF13B2500C344CD /* Release */,
			);
			defaultConfigurationIsVisible = 0;
		};
/* End XCConfigurationList section */
	};
	rootObject = 840FDE1C1EF13B2500C344CD /* Project object */;
}
